
Microsoft Visual Studio Solution File, Format Version 12.00
# Visual Studio Version 17
VisualStudioVersion = 17.2.32630.192
MinimumVisualStudioVersion = 10.0.40219.1
Project("{9A19103F-16F7-4668-BE54-9A1E7A4F7556}") = "AluraCSharp - OlaMundo", "AluraCSharp - OlaMundo\AluraCSharp - OlaMundo.csproj", "{7A922679-22A3-405F-BAC6-ED7093CF1E5D}"
EndProject
Project("{9A19103F-16F7-4668-BE54-9A1E7A4F7556}") = "2 -CriandoVariáveis", "2 -CriandoVariáveis\2 -CriandoVariáveis.csproj", "{82FDBA6C-B60B-483E-B8A7-82623EEF4360}"
EndProject
Project("{9A19103F-16F7-4668-BE54-9A1E7A4F7556}") = "3-CriandoVariaveisPontoFlutuante", "3-CriandoVariaveisPontoFlutuante\3-CriandoVariaveisPontoFlutuante.csproj", "{B4B5DF9F-C65C-4822-85E0-1750E363BA6B}"
EndProject
Project("{9A19103F-16F7-4668-BE54-9A1E7A4F7556}") = "4-ConversoesEOutrosTipos", "4-ConversoesEOutrosTipos\4-ConversoesEOutrosTipos.csproj", "{8EBED3AE-CF2E-4970-8137-24727009D44F}"
EndProject
Project("{9A19103F-16F7-4668-BE54-9A1E7A4F7556}") = "5-CaracteresETextos", "5-CaracteresETextos\5-CaracteresETextos.csproj", "{5DCA60C8-718C-4F77-BE8E-3B59D71D8D2F}"
EndProject
Project("{9A19103F-16F7-4668-BE54-9A1E7A4F7556}") = "6-AtribuicoesDeVariaveis", "6-AtribuicoesDeVariaveis\6-AtribuicoesDeVariaveis.csproj", "{16DFFCD8-8611-4675-9352-C0DB494D8E4A}"
EndProject
Project("{9A19103F-16F7-4668-BE54-9A1E7A4F7556}") = "7- Condicionais", "7- Condicionais\7- Condicionais.csproj", "{752CE912-71D0-421F-A0FD-8587126F842A}"
EndProject
Project("{9A19103F-16F7-4668-BE54-9A1E7A4F7556}") = "9-Escopo", "9-Escopo\9-Escopo.csproj", "{30180CC2-E7F6-459D-97E3-4CA37D740EF5}"
EndProject
Project("{9A19103F-16F7-4668-BE54-9A1E7A4F7556}") = "p10-CalculaPoupanca", "p10-CalculaPoupanca\p10-CalculaPoupanca.csproj", "{17A909DA-DD49-47C8-9BB2-9F3DF4D47777}"
EndProject
Project("{9A19103F-16F7-4668-BE54-9A1E7A4F7556}") = "p-11- CalculaPoupanca2", "p-11- CalculaPoupanca2\p-11- CalculaPoupanca2.csproj", "{E9751BD1-D2D8-4DD5-932A-25443059222E}"
EndProject
Project("{9A19103F-16F7-4668-BE54-9A1E7A4F7556}") = "p12 - investimentoALongoPrazo", "p12 - investimentoALongoPrazo\p12 - investimentoALongoPrazo.csproj", "{850E6089-CAFA-4AB7-8A1F-77B369D55F2B}"
EndProject
Project("{9A19103F-16F7-4668-BE54-9A1E7A4F7556}") = "p13 - EncadeamentoFor", "p13 - EncadeamentoFor\p13 - EncadeamentoFor.csproj", "{04E50F27-EEBE-4455-8A05-9BBC71391A9D}"
EndProject
Project("{9A19103F-16F7-4668-BE54-9A1E7A4F7556}") = "p14 - exercicio", "p14 - exercicio\p14 - exercicio.csproj", "{4411D3D3-26A0-4797-9755-7206312194AC}"
EndProject
Project("{9A19103F-16F7-4668-BE54-9A1E7A4F7556}") = "p15- fatorial", "p15- fatorial\p15- fatorial.csproj", "{30455955-88BA-4E20-909C-59993C61A809}"
EndProject
Project("{2150E333-8FDC-42A3-9474-1A3956D46DE8}") = "CSharpOrientaçãoObjetos", "CSharpOrientaçãoObjetos", "{132CCA68-749F-4227-B46F-2189723181B4}"
EndProject
Project("{FAE04EC0-301F-11D3-BF4B-00C04F79EFBC}") = "byteBank", "byteBank\byteBank.csproj", "{BA9F1599-CC82-4A28-A1DC-CBA66BFBD10C}"
EndProject
Global
	GlobalSection(SolutionConfigurationPlatforms) = preSolution
		Debug|Any CPU = Debug|Any CPU
		Release|Any CPU = Release|Any CPU
	EndGlobalSection
	GlobalSection(ProjectConfigurationPlatforms) = postSolution
		{7A922679-22A3-405F-BAC6-ED7093CF1E5D}.Debug|Any CPU.ActiveCfg = Debug|Any CPU
		{7A922679-22A3-405F-BAC6-ED7093CF1E5D}.Debug|Any CPU.Build.0 = Debug|Any CPU
		{7A922679-22A3-405F-BAC6-ED7093CF1E5D}.Release|Any CPU.ActiveCfg = Release|Any CPU
		{7A922679-22A3-405F-BAC6-ED7093CF1E5D}.Release|Any CPU.Build.0 = Release|Any CPU
		{82FDBA6C-B60B-483E-B8A7-82623EEF4360}.Debug|Any CPU.ActiveCfg = Debug|Any CPU
		{82FDBA6C-B60B-483E-B8A7-82623EEF4360}.Debug|Any CPU.Build.0 = Debug|Any CPU
		{82FDBA6C-B60B-483E-B8A7-82623EEF4360}.Release|Any CPU.ActiveCfg = Release|Any CPU
		{82FDBA6C-B60B-483E-B8A7-82623EEF4360}.Release|Any CPU.Build.0 = Release|Any CPU
		{B4B5DF9F-C65C-4822-85E0-1750E363BA6B}.Debug|Any CPU.ActiveCfg = Debug|Any CPU
		{B4B5DF9F-C65C-4822-85E0-1750E363BA6B}.Debug|Any CPU.Build.0 = Debug|Any CPU
		{B4B5DF9F-C65C-4822-85E0-1750E363BA6B}.Release|Any CPU.ActiveCfg = Release|Any CPU
		{B4B5DF9F-C65C-4822-85E0-1750E363BA6B}.Release|Any CPU.Build.0 = Release|Any CPU
		{8EBED3AE-CF2E-4970-8137-24727009D44F}.Debug|Any CPU.ActiveCfg = Debug|Any CPU
		{8EBED3AE-CF2E-4970-8137-24727009D44F}.Debug|Any CPU.Build.0 = Debug|Any CPU
		{8EBED3AE-CF2E-4970-8137-24727009D44F}.Release|Any CPU.ActiveCfg = Release|Any CPU
		{8EBED3AE-CF2E-4970-8137-24727009D44F}.Release|Any CPU.Build.0 = Release|Any CPU
		{5DCA60C8-718C-4F77-BE8E-3B59D71D8D2F}.Debug|Any CPU.ActiveCfg = Debug|Any CPU
		{5DCA60C8-718C-4F77-BE8E-3B59D71D8D2F}.Debug|Any CPU.Build.0 = Debug|Any CPU
		{5DCA60C8-718C-4F77-BE8E-3B59D71D8D2F}.Release|Any CPU.ActiveCfg = Release|Any CPU
		{5DCA60C8-718C-4F77-BE8E-3B59D71D8D2F}.Release|Any CPU.Build.0 = Release|Any CPU
		{16DFFCD8-8611-4675-9352-C0DB494D8E4A}.Debug|Any CPU.ActiveCfg = Debug|Any CPU
		{16DFFCD8-8611-4675-9352-C0DB494D8E4A}.Debug|Any CPU.Build.0 = Debug|Any CPU
		{16DFFCD8-8611-4675-9352-C0DB494D8E4A}.Release|Any CPU.ActiveCfg = Release|Any CPU
		{16DFFCD8-8611-4675-9352-C0DB494D8E4A}.Release|Any CPU.Build.0 = Release|Any CPU
		{752CE912-71D0-421F-A0FD-8587126F842A}.Debug|Any CPU.ActiveCfg = Debug|Any CPU
		{752CE912-71D0-421F-A0FD-8587126F842A}.Debug|Any CPU.Build.0 = Debug|Any CPU
		{752CE912-71D0-421F-A0FD-8587126F842A}.Release|Any CPU.ActiveCfg = Release|Any CPU
		{752CE912-71D0-421F-A0FD-8587126F842A}.Release|Any CPU.Build.0 = Release|Any CPU
		{30180CC2-E7F6-459D-97E3-4CA37D740EF5}.Debug|Any CPU.ActiveCfg = Debug|Any CPU
		{30180CC2-E7F6-459D-97E3-4CA37D740EF5}.Debug|Any CPU.Build.0 = Debug|Any CPU
		{30180CC2-E7F6-459D-97E3-4CA37D740EF5}.Release|Any CPU.ActiveCfg = Release|Any CPU
		{30180CC2-E7F6-459D-97E3-4CA37D740EF5}.Release|Any CPU.Build.0 = Release|Any CPU
		{17A909DA-DD49-47C8-9BB2-9F3DF4D47777}.Debug|Any CPU.ActiveCfg = Debug|Any CPU
		{17A909DA-DD49-47C8-9BB2-9F3DF4D47777}.Debug|Any CPU.Build.0 = Debug|Any CPU
		{17A909DA-DD49-47C8-9BB2-9F3DF4D47777}.Release|Any CPU.ActiveCfg = Release|Any CPU
		{17A909DA-DD49-47C8-9BB2-9F3DF4D47777}.Release|Any CPU.Build.0 = Release|Any CPU
		{E9751BD1-D2D8-4DD5-932A-25443059222E}.Debug|Any CPU.ActiveCfg = Debug|Any CPU
		{E9751BD1-D2D8-4DD5-932A-25443059222E}.Debug|Any CPU.Build.0 = Debug|Any CPU
		{E9751BD1-D2D8-4DD5-932A-25443059222E}.Release|Any CPU.ActiveCfg = Release|Any CPU
		{E9751BD1-D2D8-4DD5-932A-25443059222E}.Release|Any CPU.Build.0 = Release|Any CPU
		{850E6089-CAFA-4AB7-8A1F-77B369D55F2B}.Debug|Any CPU.ActiveCfg = Debug|Any CPU
		{850E6089-CAFA-4AB7-8A1F-77B369D55F2B}.Debug|Any CPU.Build.0 = Debug|Any CPU
		{850E6089-CAFA-4AB7-8A1F-77B369D55F2B}.Release|Any CPU.ActiveCfg = Release|Any CPU
		{850E6089-CAFA-4AB7-8A1F-77B369D55F2B}.Release|Any CPU.Build.0 = Release|Any CPU
		{04E50F27-EEBE-4455-8A05-9BBC71391A9D}.Debug|Any CPU.ActiveCfg = Debug|Any CPU
		{04E50F27-EEBE-4455-8A05-9BBC71391A9D}.Debug|Any CPU.Build.0 = Debug|Any CPU
		{04E50F27-EEBE-4455-8A05-9BBC71391A9D}.Release|Any CPU.ActiveCfg = Release|Any CPU
		{04E50F27-EEBE-4455-8A05-9BBC71391A9D}.Release|Any CPU.Build.0 = Release|Any CPU
		{4411D3D3-26A0-4797-9755-7206312194AC}.Debug|Any CPU.ActiveCfg = Debug|Any CPU
		{4411D3D3-26A0-4797-9755-7206312194AC}.Debug|Any CPU.Build.0 = Debug|Any CPU
		{4411D3D3-26A0-4797-9755-7206312194AC}.Release|Any CPU.ActiveCfg = Release|Any CPU
		{4411D3D3-26A0-4797-9755-7206312194AC}.Release|Any CPU.Build.0 = Release|Any CPU
		{30455955-88BA-4E20-909C-59993C61A809}.Debug|Any CPU.ActiveCfg = Debug|Any CPU
		{30455955-88BA-4E20-909C-59993C61A809}.Debug|Any CPU.Build.0 = Debug|Any CPU
		{30455955-88BA-4E20-909C-59993C61A809}.Release|Any CPU.ActiveCfg = Release|Any CPU
		{30455955-88BA-4E20-909C-59993C61A809}.Release|Any CPU.Build.0 = Release|Any CPU
		{BA9F1599-CC82-4A28-A1DC-CBA66BFBD10C}.Debug|Any CPU.ActiveCfg = Debug|Any CPU
		{BA9F1599-CC82-4A28-A1DC-CBA66BFBD10C}.Debug|Any CPU.Build.0 = Debug|Any CPU
		{BA9F1599-CC82-4A28-A1DC-CBA66BFBD10C}.Release|Any CPU.ActiveCfg = Release|Any CPU
		{BA9F1599-CC82-4A28-A1DC-CBA66BFBD10C}.Release|Any CPU.Build.0 = Release|Any CPU
	EndGlobalSection
	GlobalSection(SolutionProperties) = preSolution
		HideSolutionNode = FALSE
	EndGlobalSection
	GlobalSection(NestedProjects) = preSolution
		{BA9F1599-CC82-4A28-A1DC-CBA66BFBD10C} = {132CCA68-749F-4227-B46F-2189723181B4}
	EndGlobalSection
	GlobalSection(ExtensibilityGlobals) = postSolution
		SolutionGuid = {05932263-DCD0-4B35-95B2-8665D3A6201F}
	EndGlobalSection
EndGlobal
