
Microsoft Visual Studio Solution File, Format Version 12.00
# Visual Studio Version 17
VisualStudioVersion = 17.0.31903.59
MinimumVisualStudioVersion = 10.0.40219.1
Project("{9A19103F-16F7-4668-BE54-9A1E7A4F7556}") = "ScreenSound", "ScreenSound\ScreenSound.csproj", "{A9CCE41C-6657-42BF-AED4-F3F578033037}"
EndProject
Project("{9A19103F-16F7-4668-BE54-9A1E7A4F7556}") = "ScreenSound.API", "ScreenSound.API\ScreenSound.API.csproj", "{0A657BF5-D051-4CB4-8751-2622622969DF}"
EndProject
Project("{9A19103F-16F7-4668-BE54-9A1E7A4F7556}") = "ScreenSound.Shared.Modelos", "ScreenSound.Shared.Modelos\ScreenSound.Shared.Modelos.csproj", "{10819FD0-150C-4068-93B7-BCC56B5D5424}"
EndProject
Project("{9A19103F-16F7-4668-BE54-9A1E7A4F7556}") = "ScreenSound.Shared.Dados", "ScreenSound.Shared.Dados\ScreenSound.Shared.Dados.csproj", "{D739D1BF-7AAE-4F5B-A8CA-FA8773869DEB}"
EndProject
Project("{9A19103F-16F7-4668-BE54-9A1E7A4F7556}") = "ScreenSound.Web", "ScreenSound.Web\ScreenSound.Web.csproj", "{DFA84449-AD93-4D53-8DF4-7A51485EE563}"
EndProject
Global
	GlobalSection(SolutionConfigurationPlatforms) = preSolution
		Debug|Any CPU = Debug|Any CPU
		Release|Any CPU = Release|Any CPU
	EndGlobalSection
	GlobalSection(ProjectConfigurationPlatforms) = postSolution
		{A9CCE41C-6657-42BF-AED4-F3F578033037}.Debug|Any CPU.ActiveCfg = Debug|Any CPU
		{A9CCE41C-6657-42BF-AED4-F3F578033037}.Debug|Any CPU.Build.0 = Debug|Any CPU
		{A9CCE41C-6657-42BF-AED4-F3F578033037}.Release|Any CPU.ActiveCfg = Release|Any CPU
		{A9CCE41C-6657-42BF-AED4-F3F578033037}.Release|Any CPU.Build.0 = Release|Any CPU
		{0A657BF5-D051-4CB4-8751-2622622969DF}.Debug|Any CPU.ActiveCfg = Debug|Any CPU
		{0A657BF5-D051-4CB4-8751-2622622969DF}.Debug|Any CPU.Build.0 = Debug|Any CPU
		{0A657BF5-D051-4CB4-8751-2622622969DF}.Release|Any CPU.ActiveCfg = Release|Any CPU
		{0A657BF5-D051-4CB4-8751-2622622969DF}.Release|Any CPU.Build.0 = Release|Any CPU
		{10819FD0-150C-4068-93B7-BCC56B5D5424}.Debug|Any CPU.ActiveCfg = Debug|Any CPU
		{10819FD0-150C-4068-93B7-BCC56B5D5424}.Debug|Any CPU.Build.0 = Debug|Any CPU
		{10819FD0-150C-4068-93B7-BCC56B5D5424}.Release|Any CPU.ActiveCfg = Release|Any CPU
		{10819FD0-150C-4068-93B7-BCC56B5D5424}.Release|Any CPU.Build.0 = Release|Any CPU
		{D739D1BF-7AAE-4F5B-A8CA-FA8773869DEB}.Debug|Any CPU.ActiveCfg = Debug|Any CPU
		{D739D1BF-7AAE-4F5B-A8CA-FA8773869DEB}.Debug|Any CPU.Build.0 = Debug|Any CPU
		{D739D1BF-7AAE-4F5B-A8CA-FA8773869DEB}.Release|Any CPU.ActiveCfg = Release|Any CPU
		{D739D1BF-7AAE-4F5B-A8CA-FA8773869DEB}.Release|Any CPU.Build.0 = Release|Any CPU
		{DFA84449-AD93-4D53-8DF4-7A51485EE563}.Debug|Any CPU.ActiveCfg = Debug|Any CPU
		{DFA84449-AD93-4D53-8DF4-7A51485EE563}.Debug|Any CPU.Build.0 = Debug|Any CPU
		{DFA84449-AD93-4D53-8DF4-7A51485EE563}.Release|Any CPU.ActiveCfg = Release|Any CPU
		{DFA84449-AD93-4D53-8DF4-7A51485EE563}.Release|Any CPU.Build.0 = Release|Any CPU
	EndGlobalSection
	GlobalSection(SolutionProperties) = preSolution
		HideSolutionNode = FALSE
	EndGlobalSection
	GlobalSection(ExtensibilityGlobals) = postSolution
		SolutionGuid = {48F5E4D2-DF4F-4A11-A040-4E52AF492549}
	EndGlobalSection
EndGlobal
