
Microsoft Visual Studio Solution File, Format Version 12.00
# Visual Studio Version 17
VisualStudioVersion = 17.3.32811.315
MinimumVisualStudioVersion = 10.0.40219.1
Project("{FAE04EC0-301F-11D3-BF4B-00C04F79EFBC}") = "bytebank_ADM", "bytebank_ADM\bytebank_ADM.csproj", "{A59265C5-DB3C-487C-8314-BDB47775C677}"
EndProject
Global
	GlobalSection(SolutionConfigurationPlatforms) = preSolution
		Debug|Any CPU = Debug|Any CPU
		Release|Any CPU = Release|Any CPU
	EndGlobalSection
	GlobalSection(ProjectConfigurationPlatforms) = postSolution
		{A59265C5-DB3C-487C-8314-BDB47775C677}.Debug|Any CPU.ActiveCfg = Debug|Any CPU
		{A59265C5-DB3C-487C-8314-BDB47775C677}.Debug|Any CPU.Build.0 = Debug|Any CPU
		{A59265C5-DB3C-487C-8314-BDB47775C677}.Release|Any CPU.ActiveCfg = Release|Any CPU
		{A59265C5-DB3C-487C-8314-BDB47775C677}.Release|Any CPU.Build.0 = Release|Any CPU
	EndGlobalSection
	GlobalSection(SolutionProperties) = preSolution
		HideSolutionNode = FALSE
	EndGlobalSection
	GlobalSection(ExtensibilityGlobals) = postSolution
		SolutionGuid = {29BC29EF-5304-4C04-B52C-4CAEF043C1BB}
	EndGlobalSection
EndGlobal
